
Microsoft Visual Studio Solution File, Format Version 12.00
# Visual Studio 15
VisualStudioVersion = 15.0.34930.48
MinimumVisualStudioVersion = 10.0.40219.1
Project("{FAE04EC0-301F-11D3-BF4B-00C04F79EFBC}") = "ACM_OldPhonePad", "ACM_OldPhonePad\ACM_OldPhonePad.csproj", "{3734F607-44BC-4B10-BBA0-CDA653ACF138}"
EndProject
Global
	GlobalSection(SolutionConfigurationPlatforms) = preSolution
		Debug|Any CPU = Debug|Any CPU
		Release|Any CPU = Release|Any CPU
	EndGlobalSection
	GlobalSection(ProjectConfigurationPlatforms) = postSolution
		{3734F607-44BC-4B10-BBA0-CDA653ACF138}.Debug|Any CPU.ActiveCfg = Debug|Any CPU
		{3734F607-44BC-4B10-BBA0-CDA653ACF138}.Debug|Any CPU.Build.0 = Debug|Any CPU
		{3734F607-44BC-4B10-BBA0-CDA653ACF138}.Release|Any CPU.ActiveCfg = Release|Any CPU
		{3734F607-44BC-4B10-BBA0-CDA653ACF138}.Release|Any CPU.Build.0 = Release|Any CPU
	EndGlobalSection
	GlobalSection(SolutionProperties) = preSolution
		HideSolutionNode = FALSE
	EndGlobalSection
	GlobalSection(ExtensibilityGlobals) = postSolution
		SolutionGuid = {FA471A9D-4FD7-4D00-B69B-1A0946456108}
	EndGlobalSection
EndGlobal
